github.com/gethugothemes/hugo-modules/adsense v0.0.0-20230118054910-c9f5a8fed209 h1:c4QQBXfi+Eu4Nx1W26L9pcUFYZXDiu2paho0hQj/uVM=
github.com/gethugothemes/hugo-modules/adsense v0.0.0-20230118054910-c9f5a8fed209/go.mod h1:8p/gG/cyyu20z4q5cFN/JGE5TOFA55Xsp+aIP9KCsqo=
github.com/gethugothemes/hugo-modules/components/custom-script v0.0.0-20230118054910-c9f5a8fed209 h1:YsyByAOfLAC9HWu2YyawTHwfPk/nJSZpVoNyqF+gkZY=
github.com/gethugothemes/hugo-modules/components/custom-script v0.0.0-20230118054910-c9f5a8fed209/go.mod h1:RuDHq4WnK8sNEzAIJr4BZQ7oXhzcct/EKaAxc2Xvi9E=
github.com/gethugothemes/hugo-modules/components/preloader v0.0.0-20230118054910-c9f5a8fed209 h1:HQCUGGDhRzjab1mHmvI/Zwr2RvthFOwksPGRWitPGHg=
github.com/gethugothemes/hugo-modules/components/preloader v0.0.0-20230118054910-c9f5a8fed209/go.mod h1:FP0iQ3tMOesuWFZhLst2KEvUEYPb5Jk1GW+QBP9lrwg=
github.com/gethugothemes/hugo-modules/components/render-link v0.0.0-20230118054910-c9f5a8fed209 h1:oQlxMTNb4egwZVSlrl/yFunAMllC572HAx4ONbJGeLE=
github.com/gethugothemes/hugo-modules/components/render-link v0.0.0-20230118054910-c9f5a8fed209/go.mod h1:z3YcIeEBUonAoRDY1/Jv1ojNVkZ5ud35a0Nn8L4Inx0=
github.com/gethugothemes/hugo-modules/gzip-caching v0.0.0-20230118054910-c9f5a8fed209 h1:o62Nh8KYkTDdgR8O7Z58zmr2MTKg/MlOLlpBKrypmZI=
github.com/gethugothemes/hugo-modules/gzip-caching v0.0.0-20230118054910-c9f5a8fed209/go.mod h1:0ZMjTZVG4XLZU2/icc8Saqo4mmgMpfRTrUZU2Aa2Pwg=
github.com/gethugothemes/hugo-modules/icons/font-awesome v0.0.0-20230118054910-c9f5a8fed209 h1:7SZkKe+vrUgdpy/WBWLK3U71E7qcxeolB9JwnC4iXj4=
github.com/gethugothemes/hugo-modules/icons/font-awesome v0.0.0-20230118054910-c9f5a8fed209/go.mod h1:d3gy1vQyfasPmGpau7HpQLrXbOv23PfXclSnjyOBxeU=
github.com/gethugothemes/hugo-modules/images v0.0.0-20230118054910-c9f5a8fed209 h1:sls5s89wCwE5XMl+feXuQHOqTLAEDgF1avKbTe6xu5Y=
github.com/gethugothemes/hugo-modules/images v0.0.0-20230118054910-c9f5a8fed209/go.mod h1:FKliP3qOW9diIcQeLtyZ0Hdhg3PL8bdAkC/6O+XtU90=
github.com/gethugothemes/hugo-modules/pwa v0.0.0-20230118054910-c9f5a8fed209 h1:J/+8Kf6HJVIiJGYjzf0nZBlqLqnYpFSCJ1akZqgpoDg=
github.com/gethugothemes/hugo-modules/pwa v0.0.0-20230118054910-c9f5a8fed209/go.mod h1:TRv7iszdfo37O1PbBEE+S8X/enAdpRIxK5DGrp13Qbo=
github.com/gethugothemes/hugo-modules/seo-tools/baidu-analytics v0.0.0-20230118054910-c9f5a8fed209 h1:5UplrH012AlyJge4B+7WGvxq0EFJRarwuwP8HhuUFUo=
github.com/gethugothemes/hugo-modules/seo-tools/baidu-analytics v0.0.0-20230118054910-c9f5a8fed209/go.mod h1:D/bbq2hSHE+r582zpC3rEdvuk8GufDnq9sGL3xCk/C0=
github.com/gethugothemes/hugo-modules/seo-tools/basic-seo v0.0.0-20230118054910-c9f5a8fed209 h1:2AIuHXD/PWWSru4ViFJtdCrFsZ6SVZuSRmqAmW+PJmc=
github.com/gethugothemes/hugo-modules/seo-tools/basic-seo v0.0.0-20230118054910-c9f5a8fed209/go.mod h1:Q8dPgjamV7pxwKSQyWV21Xwh5CGi23/k+M8HPTphYbs=
github.com/gethugothemes/hugo-modules/seo-tools/counter-analytics v0.0.0-20230118054910-c9f5a8fed209 h1:RISqDzxD4T+aPH5ykyI3M4H41F7sRyYk9Riqa4+Rk0c=
github.com/gethugothemes/hugo-modules/seo-tools/counter-analytics v0.0.0-20230118054910-c9f5a8fed209/go.mod h1:3kPooRg0PWUkciccThPQbBvIpTfSCo7W9mc3a5GxXHs=
github.com/gethugothemes/hugo-modules/seo-tools/google-tag-manager v0.0.0-20230118054910-c9f5a8fed209 h1:IPO8SmpqXhaJwFPZz6T3XctmACr40oFMhe28IVDh0ZE=
github.com/gethugothemes/hugo-modules/seo-tools/google-tag-manager v0.0.0-20230118054910-c9f5a8fed209/go.mod h1:cCq50yd55eFTrpqOfeyOK5X0hU5E7qxsqOD7IzTsgLA=
github.com/gethugothemes/hugo-modules/seo-tools/matomo-analytics v0.0.0-20230118054910-c9f5a8fed209 h1:Fa4n7J+hD4a3eaCI+uRScZnGtZHjS9z8X4R19agrB7M=
github.com/gethugothemes/hugo-modules/seo-tools/matomo-analytics v0.0.0-20230118054910-c9f5a8fed209/go.mod h1:P2GLltWjXFBJlatFKh4l6WOBszW7+f09myLkZoBBgEs=
github.com/gethugothemes/hugo-modules/seo-tools/plausible-analytics v0.0.0-20230118054910-c9f5a8fed209 h1:aiX8XJnthsZhayvsliLvXt9XofVtD6mCSsEshQB+pac=
github.com/gethugothemes/hugo-modules/seo-tools/plausible-analytics v0.0.0-20230118054910-c9f5a8fed209/go.mod h1:MOJtK8ttzyqQiqs0xQkk6xgPaxGbcH7WI5thobpNvqg=
github.com/gethugothemes/hugo-modules/seo-tools/site-verifications v0.0.0-20230118054910-c9f5a8fed209 h1:ybHQD+N5gxJsfqu4k0Ste5v1AdkjYjfQ/xPljkpmv98=
github.com/gethugothemes/hugo-modules/seo-tools/site-verifications v0.0.0-20230118054910-c9f5a8fed209/go.mod h1:iXielaya126qJscz7Bc2G2WB91moloQOoWru6UoBUyE=
github.com/gethugothemes/hugo-modules/shortcodes/buttons v0.0.0-20230118054910-c9f5a8fed209 h1:Sg1tZNjVZcca/AaIWQA41JnNqVcwVRHyvAVBRkKEBfo=
github.com/gethugothemes/hugo-modules/shortcodes/buttons v0.0.0-20230118054910-c9f5a8fed209/go.mod h1:hK/aFl0KkirVRFYnljg3c0qBAOwk4W5Isd+YN7UDMvg=
github.com/gethugothemes/hugo-modules/shortcodes/codepen v0.0.0-20230118054910-c9f5a8fed209 h1:a6T3mDyl8iKlAw255+JIWHoSt3O3riFn2HvNMJmPngc=
github.com/gethugothemes/hugo-modules/shortcodes/codepen v0.0.0-20230118054910-c9f5a8fed209/go.mod h1:Y4eAJ7fkCSC6k6fl1+qF4DIoRepAYyB9Om4kBCAixcg=
github.com/gethugothemes/hugo-modules/shortcodes/collapse v0.0.0-20230118054910-c9f5a8fed209 h1:mnrzJbMVZ2Gk94J4UursDHgPTQakq8KpezqHReg9Ji0=
github.com/gethugothemes/hugo-modules/shortcodes/collapse v0.0.0-20230118054910-c9f5a8fed209/go.mod h1:rBCFuR+QzMk0S1npR0zVDzgocFncOmyxWToJlRw4ZxU=
github.com/gethugothemes/hugo-modules/shortcodes/gallery v0.0.0-20230118054910-c9f5a8fed209 h1:XarOzjboVM8hsyCi4WGHeNXzVzcDZXt8E4uZOUEJU+o=
github.com/gethugothemes/hugo-modules/shortcodes/gallery v0.0.0-20230118054910-c9f5a8fed209/go.mod h1:nPS/s/W7rrOwgt46g4/tOkBhiJzg61M6AzUbGbNTNKY=
github.com/gethugothemes/hugo-modules/shortcodes/image v0.0.0-20230118054910-c9f5a8fed209 h1:vOhjJvQVVei3F3wsJhqBASR/cJPn6JtVC5VXsIcJN0w=
github.com/gethugothemes/hugo-modules/shortcodes/image v0.0.0-20230118054910-c9f5a8fed209/go.mod h1:CvUvHWRzyxRgElLI2cyo9ZYAqExHsKjCiITbuVsKkuE=
github.com/gethugothemes/hugo-modules/shortcodes/notice v0.0.0-20230118054910-c9f5a8fed209 h1:MZ4+PUBJx1jZXUXeC4N1rfndnHtwQUdxJdUwfOLrkzE=
github.com/gethugothemes/hugo-modules/shortcodes/notice v0.0.0-20230118054910-c9f5a8fed209/go.mod h1:ljWyMJx82WA+6SlKjbGFhEdxcriyvUTCjXkJHDa4lho=
github.com/gethugothemes/hugo-modules/shortcodes/table-of-contents v0.0.0-20230118054910-c9f5a8fed209 h1:VgaC2tf1qOKN9WiH9gYbhfq5+/AGXoupBuesmO91Ju4=
github.com/gethugothemes/hugo-modules/shortcodes/table-of-contents v0.0.0-20230118054910-c9f5a8fed209/go.mod h1:LKCp/rg9cHtfjHpIEYmpR8kuauI8JNN79nmdkFURXp0=
github.com/gethugothemes/hugo-modules/shortcodes/tabs v0.0.0-20230118054910-c9f5a8fed209 h1:3BAGjjqhg0FHc+wwxMr7sQOAbUrw9qFRUt/1wkz7wlE=
github.com/gethugothemes/hugo-modules/shortcodes/tabs v0.0.0-20230118054910-c9f5a8fed209/go.mod h1:zaQhvQgsSOWfSm/zP3NbWWEfrxgrcdpBblljz2IA2vA=
github.com/gethugothemes/hugo-modules/shortcodes/video v0.0.0-20230118054910-c9f5a8fed209 h1:nHzTrL5CuKo4H6k8el7WRppS42wVBauL70G2R2Twi1g=
github.com/gethugothemes/hugo-modules/shortcodes/video v0.0.0-20230118054910-c9f5a8fed209/go.mod h1:s5CHMBd7/NalnckFfRhZJvqXPY/QTrluDvRgZm7+Cr0=
github.com/gethugothemes/hugo-modules/shortcodes/vimeo-lite v0.0.0-20230118054910-c9f5a8fed209 h1:k7IF3dztKg4YqPmVFyR8ROV5/OUORpdbdp6e/MHp3bQ=
github.com/gethugothemes/hugo-modules/shortcodes/vimeo-lite v0.0.0-20230118054910-c9f5a8fed209/go.mod h1:Ac9Ell5o+JV5DZ9dBgW767ZcSvoz/x+2UuFLvMoThwk=
github.com/gethugothemes/hugo-modules/shortcodes/youtube-lite v0.0.0-20230118054910-c9f5a8fed209 h1:Ag6iZmHbFUBD11yJHWd3tBjn72ABZXjt4Gh7254GpAI=
github.com/gethugothemes/hugo-modules/shortcodes/youtube-lite v0.0.0-20230118054910-c9f5a8fed209/go.mod h1:DtWNw6au8NQg1Y0x470DstCHqjWZPnwm61Uu6ZIMy50=
github.com/gohugoio/hugo-mod-bootstrap-scss/v5 v5.20200.20101 h1:wUe8RXjpJYs83CucuWJT7XuqCzQ52f5/N7zlV8woHEg=
github.com/gohugoio/hugo-mod-bootstrap-scss/v5 v5.20200.20101/go.mod h1:Z5Bhe4pfn8reoHhWqCQMWEAynLCIeBAt1TDwni4fipM=
github.com/gohugoio/hugo-mod-jslibs-dist/popperjs/v2 v2.21100.20000/go.mod h1:mFberT6ZtcchrsDtfvJM7aAH2bDKLdOnruUHl0hlapI=
github.com/twbs/bootstrap v5.2.1+incompatible/go.mod h1:fZTSrkpSf0/HkL0IIJzvVspTt1r9zuf7XlZau8kpcY0=
